// !$*UTF8*$!
{
	archiveVersion = 1;
	classes = {
	};
	objectVersion = 71;
	objects = {

/* Begin PBXBuildFile section */
		A10000000000000000000001 /* AppDelegate.swift in Sources */ = {isa = PBXBuildFile; fileRef = B10000000000000000000001 /* AppDelegate.swift */; };
		A10000000000000000000002 /* GlobalHotKeyManager.swift in Sources */ = {isa = PBXBuildFile; fileRef = B10000000000000000000002 /* GlobalHotKeyManager.swift */; };
		A10000000000000000000003 /* InputSourceManager.swift in Sources */ = {isa = PBXBuildFile; fileRef = B10000000000000000000003 /* InputSourceManager.swift */; };
		A10000000000000000000004 /* InputSwitcherApp.swift in Sources */ = {isa = PBXBuildFile; fileRef = B10000000000000000000004 /* InputSwitcherApp.swift */; };
		A10000000000000000000005 /* LaunchAtLoginManager.swift in Sources */ = {isa = PBXBuildFile; fileRef = B10000000000000000000005 /* LaunchAtLoginManager.swift */; };
		A10000000000000000000006 /* Localization.swift in Sources */ = {isa = PBXBuildFile; fileRef = B10000000000000000000006 /* Localization.swift */; };
		A10000000000000000000007 /* MenuContent.swift in Sources */ = {isa = PBXBuildFile; fileRef = B10000000000000000000007 /* MenuContent.swift */; };
		A10000000000000000000008 /* ProUpgradeView.swift in Sources */ = {isa = PBXBuildFile; fileRef = B10000000000000000000008 /* ProUpgradeView.swift */; };
		A10000000000000000000009 /* PurchaseManager.swift in Sources */ = {isa = PBXBuildFile; fileRef = B10000000000000000000009 /* PurchaseManager.swift */; };
		A1000000000000000000000A /* RuleStore.swift in Sources */ = {isa = PBXBuildFile; fileRef = B1000000000000000000000A /* RuleStore.swift */; };
		A1000000000000000000000B /* SettingsView.swift in Sources */ = {isa = PBXBuildFile; fileRef = B1000000000000000000000B /* SettingsView.swift */; };
		A1000000000000000000000C /* SwitchNotificationWindow.swift in Sources */ = {isa = PBXBuildFile; fileRef = B1000000000000000000000C /* SwitchNotificationWindow.swift */; };
		A1000000000000000000000D /* AutoRuleNotificationWindow.swift in Sources */ = {isa = PBXBuildFile; fileRef = B1000000000000000000000D /* AutoRuleNotificationWindow.swift */; };
		A1000000000000000000000E /* DebugLog.swift in Sources */ = {isa = PBXBuildFile; fileRef = B1000000000000000000000E /* DebugLog.swift */; };
		A1000000000000000000000F /* OnboardingView.swift in Sources */ = {isa = PBXBuildFile; fileRef = B1000000000000000000000F /* OnboardingView.swift */; };
		A10000000000000000000011 /* InputSwitcher.icns in Resources */ = {isa = PBXBuildFile; fileRef = B10000000000000000000011 /* InputSwitcher.icns */; };
		A10000000000000000000012 /* MenuBarIcon.png in Resources */ = {isa = PBXBuildFile; fileRef = B10000000000000000000012 /* MenuBarIcon.png */; };
		A10000000000000000000013 /* MenuBarIcon@2x.png in Resources */ = {isa = PBXBuildFile; fileRef = B10000000000000000000013 /* MenuBarIcon@2x.png */; };
		A10000000000000000000014 /* Localizations in Resources */ = {isa = PBXBuildFile; fileRef = B10000000000000000000014 /* Localizations */; };
		A10000000000000000000015 /* PrivacyInfo.xcprivacy in Resources */ = {isa = PBXBuildFile; fileRef = B10000000000000000000015 /* PrivacyInfo.xcprivacy */; };
		A10000000000000000000030 /* MenuBarIcon_dark.png in Resources */ = {isa = PBXBuildFile; fileRef = B10000000000000000000030 /* MenuBarIcon_dark.png */; };
		A10000000000000000000031 /* MenuBarIcon_dark@2x.png in Resources */ = {isa = PBXBuildFile; fileRef = B10000000000000000000031 /* MenuBarIcon_dark@2x.png */; };
		J10000000000000000000001 /* RuleStoreLogicTests.swift in Sources */ = {isa = PBXBuildFile; fileRef = K10000000000000000000001 /* RuleStoreLogicTests.swift */; };
/* End PBXBuildFile section */

/* Begin PBXContainerItemProxy section */
		P10000000000000000000001 /* PBXContainerItemProxy */ = {
			isa = PBXContainerItemProxy;
			containerPortal = E10000000000000000000001 /* Project object */;
			proxyType = 1;
			remoteGlobalIDString = D10000000000000000000001;
			remoteInfo = InputSwitcher;
		};
/* End PBXContainerItemProxy section */

/* Begin PBXFileReference section */
		B10000000000000000000001 /* AppDelegate.swift */ = {isa = PBXFileReference; lastKnownFileType = sourcecode.swift; path = AppDelegate.swift; sourceTree = "<group>"; };
		B10000000000000000000002 /* GlobalHotKeyManager.swift */ = {isa = PBXFileReference; lastKnownFileType = sourcecode.swift; path = GlobalHotKeyManager.swift; sourceTree = "<group>"; };
		B10000000000000000000003 /* InputSourceManager.swift */ = {isa = PBXFileReference; lastKnownFileType = sourcecode.swift; path = InputSourceManager.swift; sourceTree = "<group>"; };
		B10000000000000000000004 /* InputSwitcherApp.swift */ = {isa = PBXFileReference; lastKnownFileType = sourcecode.swift; path = InputSwitcherApp.swift; sourceTree = "<group>"; };
		B10000000000000000000005 /* LaunchAtLoginManager.swift */ = {isa = PBXFileReference; lastKnownFileType = sourcecode.swift; path = LaunchAtLoginManager.swift; sourceTree = "<group>"; };
		B10000000000000000000006 /* Localization.swift */ = {isa = PBXFileReference; lastKnownFileType = sourcecode.swift; path = Localization.swift; sourceTree = "<group>"; };
		B10000000000000000000007 /* MenuContent.swift */ = {isa = PBXFileReference; lastKnownFileType = sourcecode.swift; path = MenuContent.swift; sourceTree = "<group>"; };
		B10000000000000000000008 /* ProUpgradeView.swift */ = {isa = PBXFileReference; lastKnownFileType = sourcecode.swift; path = ProUpgradeView.swift; sourceTree = "<group>"; };
		B10000000000000000000009 /* PurchaseManager.swift */ = {isa = PBXFileReference; lastKnownFileType = sourcecode.swift; path = PurchaseManager.swift; sourceTree = "<group>"; };
		B1000000000000000000000A /* RuleStore.swift */ = {isa = PBXFileReference; lastKnownFileType = sourcecode.swift; path = RuleStore.swift; sourceTree = "<group>"; };
		B1000000000000000000000B /* SettingsView.swift */ = {isa = PBXFileReference; lastKnownFileType = sourcecode.swift; path = SettingsView.swift; sourceTree = "<group>"; };
		B1000000000000000000000C /* SwitchNotificationWindow.swift */ = {isa = PBXFileReference; lastKnownFileType = sourcecode.swift; path = SwitchNotificationWindow.swift; sourceTree = "<group>"; };
		B1000000000000000000000D /* AutoRuleNotificationWindow.swift */ = {isa = PBXFileReference; lastKnownFileType = sourcecode.swift; path = AutoRuleNotificationWindow.swift; sourceTree = "<group>"; };
		B1000000000000000000000E /* DebugLog.swift */ = {isa = PBXFileReference; lastKnownFileType = sourcecode.swift; path = DebugLog.swift; sourceTree = "<group>"; };
		B1000000000000000000000F /* OnboardingView.swift */ = {isa = PBXFileReference; lastKnownFileType = sourcecode.swift; path = OnboardingView.swift; sourceTree = "<group>"; };
		B10000000000000000000010 /* Info.plist */ = {isa = PBXFileReference; lastKnownFileType = text.plist.xml; path = Info.plist; sourceTree = "<group>"; };
		B10000000000000000000011 /* InputSwitcher.icns */ = {isa = PBXFileReference; lastKnownFileType = image.icns; path = InputSwitcher.icns; sourceTree = "<group>"; };
		B10000000000000000000012 /* MenuBarIcon.png */ = {isa = PBXFileReference; lastKnownFileType = image.png; path = MenuBarIcon.png; sourceTree = "<group>"; };
		B10000000000000000000013 /* MenuBarIcon@2x.png */ = {isa = PBXFileReference; lastKnownFileType = image.png; path = "MenuBarIcon@2x.png"; sourceTree = "<group>"; };
		B10000000000000000000014 /* Localizations */ = {isa = PBXFileReference; lastKnownFileType = folder; path = Localizations; sourceTree = "<group>"; };
		B10000000000000000000015 /* PrivacyInfo.xcprivacy */ = {isa = PBXFileReference; lastKnownFileType = text.xml; path = PrivacyInfo.xcprivacy; sourceTree = "<group>"; };
		B10000000000000000000016 /* InputSwitcher.entitlements */ = {isa = PBXFileReference; lastKnownFileType = text.plist.entitlements; path = InputSwitcher.entitlements; sourceTree = "<group>"; };
		B10000000000000000000017 /* InputSwitcher.storekit */ = {isa = PBXFileReference; lastKnownFileType = text; path = InputSwitcher.storekit; sourceTree = "<group>"; };
		B10000000000000000000020 /* InputSwitcher.app */ = {isa = PBXFileReference; explicitFileType = wrapper.application; includeInIndex = 0; path = InputSwitcher.app; sourceTree = BUILT_PRODUCTS_DIR; };
		B10000000000000000000030 /* MenuBarIcon_dark.png */ = {isa = PBXFileReference; lastKnownFileType = image.png; path = MenuBarIcon_dark.png; sourceTree = "<group>"; };
		B10000000000000000000031 /* MenuBarIcon_dark@2x.png */ = {isa = PBXFileReference; lastKnownFileType = image.png; path = "MenuBarIcon_dark@2x.png"; sourceTree = "<group>"; };
		K10000000000000000000001 /* RuleStoreLogicTests.swift */ = {isa = PBXFileReference; lastKnownFileType = sourcecode.swift; path = RuleStoreLogicTests.swift; sourceTree = "<group>"; };
		K10000000000000000000002 /* InputSwitcherTests.xctest */ = {isa = PBXFileReference; explicitFileType = wrapper.cfbundle; includeInIndex = 0; path = InputSwitcherTests.xctest; sourceTree = BUILT_PRODUCTS_DIR; };
/* End PBXFileReference section */

/* Begin PBXFrameworksBuildPhase section */
		F10000000000000000000001 /* Frameworks */ = {
			isa = PBXFrameworksBuildPhase;
			buildActionMask = 2147483647;
			files = (
			);
			runOnlyForDeploymentPostprocessing = 0;
		};
		F10000000000000000000004 /* Frameworks */ = {
			isa = PBXFrameworksBuildPhase;
			buildActionMask = 2147483647;
			files = (
			);
			runOnlyForDeploymentPostprocessing = 0;
		};
/* End PBXFrameworksBuildPhase section */

/* Begin PBXGroup section */
		C10000000000000000000001 = {
			isa = PBXGroup;
			children = (
				C10000000000000000000002 /* Sources */,
				C10000000000000000000006 /* Tests */,
				C10000000000000000000003 /* Resources */,
				C10000000000000000000004 /* StoreKit */,
				B10000000000000000000010 /* Info.plist */,
				B10000000000000000000016 /* InputSwitcher.entitlements */,
				C10000000000000000000005 /* Products */,
			);
			sourceTree = "<group>";
		};
		C10000000000000000000002 /* Sources */ = {
			isa = PBXGroup;
			children = (
				B10000000000000000000001 /* AppDelegate.swift */,
				B10000000000000000000002 /* GlobalHotKeyManager.swift */,
				B10000000000000000000003 /* InputSourceManager.swift */,
				B10000000000000000000004 /* InputSwitcherApp.swift */,
				B10000000000000000000005 /* LaunchAtLoginManager.swift */,
				B10000000000000000000006 /* Localization.swift */,
				B10000000000000000000007 /* MenuContent.swift */,
				B10000000000000000000008 /* ProUpgradeView.swift */,
				B10000000000000000000009 /* PurchaseManager.swift */,
				B1000000000000000000000A /* RuleStore.swift */,
				B1000000000000000000000B /* SettingsView.swift */,
				B1000000000000000000000C /* SwitchNotificationWindow.swift */,
				B1000000000000000000000D /* AutoRuleNotificationWindow.swift */,
				B1000000000000000000000E /* DebugLog.swift */,
				B1000000000000000000000F /* OnboardingView.swift */,
			);
			path = Sources;
			sourceTree = "<group>";
		};
		C10000000000000000000003 /* Resources */ = {
			isa = PBXGroup;
			children = (
				B10000000000000000000011 /* InputSwitcher.icns */,
				B10000000000000000000012 /* MenuBarIcon.png */,
				B10000000000000000000013 /* MenuBarIcon@2x.png */,
				B10000000000000000000030 /* MenuBarIcon_dark.png */,
				B10000000000000000000031 /* MenuBarIcon_dark@2x.png */,
				B10000000000000000000014 /* Localizations */,
				B10000000000000000000015 /* PrivacyInfo.xcprivacy */,
			);
			path = Resources;
			sourceTree = "<group>";
		};
		C10000000000000000000004 /* StoreKit */ = {
			isa = PBXGroup;
			children = (
				B10000000000000000000017 /* InputSwitcher.storekit */,
			);
			path = StoreKit;
			sourceTree = "<group>";
		};
		C10000000000000000000005 /* Products */ = {
			isa = PBXGroup;
			children = (
				B10000000000000000000020 /* InputSwitcher.app */,
				K10000000000000000000002 /* InputSwitcherTests.xctest */,
			);
			name = Products;
			sourceTree = "<group>";
		};
		C10000000000000000000006 /* Tests */ = {
			isa = PBXGroup;
			children = (
				K10000000000000000000001 /* RuleStoreLogicTests.swift */,
			);
			path = Tests;
			sourceTree = "<group>";
		};
/* End PBXGroup section */

/* Begin PBXNativeTarget section */
		D10000000000000000000001 /* InputSwitcher */ = {
			isa = PBXNativeTarget;
			buildConfigurationList = I10000000000000000000001 /* Build configuration list for PBXNativeTarget "InputSwitcher" */;
			buildPhases = (
				F10000000000000000000002 /* Sources */,
				F10000000000000000000001 /* Frameworks */,
				F10000000000000000000003 /* Resources */,
			);
			buildRules = (
			);
			dependencies = (
			);
			name = InputSwitcher;
			productName = InputSwitcher;
			productReference = B10000000000000000000020 /* InputSwitcher.app */;
			productType = "com.apple.product-type.application";
		};
		D10000000000000000000002 /* InputSwitcherTests */ = {
			isa = PBXNativeTarget;
			buildConfigurationList = I10000000000000000000003 /* Build configuration list for PBXNativeTarget "InputSwitcherTests" */;
			buildPhases = (
				F10000000000000000000005 /* Sources */,
				F10000000000000000000004 /* Frameworks */,
			);
			buildRules = (
			);
			dependencies = (
				T10000000000000000000001 /* PBXTargetDependency */,
			);
			name = InputSwitcherTests;
			productName = InputSwitcherTests;
			productReference = K10000000000000000000002 /* InputSwitcherTests.xctest */;
			productType = "com.apple.product-type.bundle.unit-test";
		};
/* End PBXNativeTarget section */

/* Begin PBXProject section */
		E10000000000000000000001 /* Project object */ = {
			isa = PBXProject;
			attributes = {
				BuildIndependentTargetsInParallel = 1;
				LastSwiftUpdateCheck = 2660;
				LastUpgradeCheck = 2660;
				TargetAttributes = {
					D10000000000000000000001 = {
						CreatedOnToolsVersion = 26.6;
					};
					D10000000000000000000002 = {
						CreatedOnToolsVersion = 26.6;
						TestTargetID = D10000000000000000000001;
					};
				};
			};
			buildConfigurationList = I10000000000000000000002 /* Build configuration list for PBXProject "InputSwitcher" */;
			compatibilityVersion = "Xcode 16.0";
			developmentRegion = en;
			hasScannedForEncodings = 0;
			knownRegions = (
				en,
				Base,
				"zh-Hans",
				"zh-Hant",
				ja,
				ko,
				de,
				fr,
				es,
				"pt-BR",
			);
			mainGroup = C10000000000000000000001;
			productRefGroup = C10000000000000000000005 /* Products */;
			projectDirPath = "";
			projectRoot = "";
			targets = (
				D10000000000000000000001 /* InputSwitcher */,
				D10000000000000000000002 /* InputSwitcherTests */,
			);
		};
/* End PBXProject section */

/* Begin PBXResourcesBuildPhase section */
		F10000000000000000000003 /* Resources */ = {
			isa = PBXResourcesBuildPhase;
			buildActionMask = 2147483647;
			files = (
				A10000000000000000000011 /* InputSwitcher.icns in Resources */,
				A10000000000000000000012 /* MenuBarIcon.png in Resources */,
				A10000000000000000000013 /* MenuBarIcon@2x.png in Resources */,
				A10000000000000000000014 /* Localizations in Resources */,
				A10000000000000000000015 /* PrivacyInfo.xcprivacy in Resources */,
				A10000000000000000000030 /* MenuBarIcon_dark.png in Resources */,
				A10000000000000000000031 /* MenuBarIcon_dark@2x.png in Resources */,
			);
			runOnlyForDeploymentPostprocessing = 0;
		};
/* End PBXResourcesBuildPhase section */

/* Begin PBXSourcesBuildPhase section */
		F10000000000000000000002 /* Sources */ = {
			isa = PBXSourcesBuildPhase;
			buildActionMask = 2147483647;
			files = (
				A10000000000000000000001 /* AppDelegate.swift in Sources */,
				A10000000000000000000002 /* GlobalHotKeyManager.swift in Sources */,
				A10000000000000000000003 /* InputSourceManager.swift in Sources */,
				A10000000000000000000004 /* InputSwitcherApp.swift in Sources */,
				A10000000000000000000005 /* LaunchAtLoginManager.swift in Sources */,
				A10000000000000000000006 /* Localization.swift in Sources */,
				A10000000000000000000007 /* MenuContent.swift in Sources */,
				A10000000000000000000008 /* ProUpgradeView.swift in Sources */,
				A10000000000000000000009 /* PurchaseManager.swift in Sources */,
				A1000000000000000000000A /* RuleStore.swift in Sources */,
				A1000000000000000000000B /* SettingsView.swift in Sources */,
				A1000000000000000000000C /* SwitchNotificationWindow.swift in Sources */,
				A1000000000000000000000D /* AutoRuleNotificationWindow.swift in Sources */,
				A1000000000000000000000E /* DebugLog.swift in Sources */,
				A1000000000000000000000F /* OnboardingView.swift in Sources */,
			);
			runOnlyForDeploymentPostprocessing = 0;
		};
		F10000000000000000000005 /* Sources */ = {
			isa = PBXSourcesBuildPhase;
			buildActionMask = 2147483647;
			files = (
				J10000000000000000000001 /* RuleStoreLogicTests.swift in Sources */,
			);
			runOnlyForDeploymentPostprocessing = 0;
		};
/* End PBXSourcesBuildPhase section */

/* Begin PBXTargetDependency section */
		T10000000000000000000001 /* PBXTargetDependency */ = {
			isa = PBXTargetDependency;
			target = D10000000000000000000001 /* InputSwitcher */;
			targetProxy = P10000000000000000000001 /* PBXContainerItemProxy */;
		};
/* End PBXTargetDependency section */

/* Begin XCBuildConfiguration section */
		G10000000000000000000001 /* Debug */ = {
			isa = XCBuildConfiguration;
			buildSettings = {
				ARCHS = "$(ARCHS_STANDARD)";
				ASSETCATALOG_COMPILER_APPICON_NAME = "";
				ASSETCATALOG_COMPILER_INCLUDE_ALL_APPICON_ASSETS = NO;
				CODE_SIGN_ENTITLEMENTS = InputSwitcher.entitlements;
				CODE_SIGN_STYLE = Automatic;
				COMBINE_HIDPI_IMAGES = YES;
				CURRENT_PROJECT_VERSION = 4;
				DEVELOPMENT_TEAM = QBSRG6LQXM;
				ENABLE_APP_SANDBOX = YES;
				ENABLE_HARDENED_RUNTIME = YES;
				ENABLE_TESTABILITY = YES;
				ENABLE_USER_SELECTED_FILES = readwrite;
				GENERATE_INFOPLIST_FILE = NO;
				INFOPLIST_FILE = Info.plist;
				INFOPLIST_KEY_LSApplicationCategoryType = "public.app-category.utilities";
				LD_RUNPATH_SEARCH_PATHS = (
					"$(inherited)",
					"@executable_path/../Frameworks",
				);
				MACOSX_DEPLOYMENT_TARGET = 13.0;
				MARKETING_VERSION = 1.1;
				PRODUCT_BUNDLE_IDENTIFIER = com.hans.InputSwitcher;
				PRODUCT_NAME = "$(TARGET_NAME)";
				SWIFT_ACTIVE_COMPILATION_CONDITIONS = DEBUG;
				SWIFT_EMIT_LOC_STRINGS = NO;
				SWIFT_OPTIMIZATION_LEVEL = "-Onone";
				SWIFT_VERSION = 5.0;
			};
			name = Debug;
		};
		G10000000000000000000002 /* Release */ = {
			isa = XCBuildConfiguration;
			buildSettings = {
				ARCHS = "$(ARCHS_STANDARD)";
				ASSETCATALOG_COMPILER_APPICON_NAME = "";
				ASSETCATALOG_COMPILER_INCLUDE_ALL_APPICON_ASSETS = NO;
				CODE_SIGN_ENTITLEMENTS = InputSwitcher.entitlements;
				CODE_SIGN_STYLE = Automatic;
				COMBINE_HIDPI_IMAGES = YES;
				CURRENT_PROJECT_VERSION = 4;
				DEAD_CODE_STRIPPING = YES;
				DEBUG_INFORMATION_FORMAT = "dwarf-with-dsym";
				DEVELOPMENT_TEAM = QBSRG6LQXM;
				ENABLE_APP_SANDBOX = YES;
				ENABLE_HARDENED_RUNTIME = YES;
				ENABLE_USER_SELECTED_FILES = readwrite;
				GENERATE_INFOPLIST_FILE = NO;
				INFOPLIST_FILE = Info.plist;
				INFOPLIST_KEY_LSApplicationCategoryType = "public.app-category.utilities";
				LD_RUNPATH_SEARCH_PATHS = (
					"$(inherited)",
					"@executable_path/../Frameworks",
				);
				MACOSX_DEPLOYMENT_TARGET = 13.0;
				MARKETING_VERSION = 1.1;
				PRODUCT_BUNDLE_IDENTIFIER = com.hans.InputSwitcher;
				PRODUCT_NAME = "$(TARGET_NAME)";
				SWIFT_COMPILATION_MODE = wholemodule;
				SWIFT_EMIT_LOC_STRINGS = NO;
				SWIFT_OPTIMIZATION_LEVEL = "-O";
				SWIFT_VERSION = 5.0;
			};
			name = Release;
		};
		G20000000000000000000001 /* Debug */ = {
			isa = XCBuildConfiguration;
			buildSettings = {
				BUNDLE_LOADER = "$(TEST_HOST)";
				CODE_SIGN_STYLE = Automatic;
				DEVELOPMENT_TEAM = QBSRG6LQXM;
				GENERATE_INFOPLIST_FILE = YES;
				MACOSX_DEPLOYMENT_TARGET = 14.0;
				PRODUCT_BUNDLE_IDENTIFIER = com.hans.InputSwitcherTests;
				PRODUCT_NAME = "$(TARGET_NAME)";
				SWIFT_OPTIMIZATION_LEVEL = "-Onone";
				SWIFT_VERSION = 5.0;
				TEST_HOST = "$(BUILT_PRODUCTS_DIR)/InputSwitcher.app/Contents/MacOS/InputSwitcher";
			};
			name = Debug;
		};
		G20000000000000000000002 /* Release */ = {
			isa = XCBuildConfiguration;
			buildSettings = {
				BUNDLE_LOADER = "$(TEST_HOST)";
				CODE_SIGN_STYLE = Automatic;
				DEVELOPMENT_TEAM = QBSRG6LQXM;
				GENERATE_INFOPLIST_FILE = YES;
				MACOSX_DEPLOYMENT_TARGET = 13.0;
				PRODUCT_BUNDLE_IDENTIFIER = com.hans.InputSwitcherTests;
				PRODUCT_NAME = "$(TARGET_NAME)";
				SWIFT_VERSION = 5.0;
				TEST_HOST = "$(BUILT_PRODUCTS_DIR)/InputSwitcher.app/Contents/MacOS/InputSwitcher";
			};
			name = Release;
		};
		H10000000000000000000001 /* Debug */ = {
			isa = XCBuildConfiguration;
			buildSettings = {
				CLANG_ENABLE_MODULES = YES;
				MACOSX_DEPLOYMENT_TARGET = 13.0;
				SDKROOT = macosx;
			};
			name = Debug;
		};
		H10000000000000000000002 /* Release */ = {
			isa = XCBuildConfiguration;
			buildSettings = {
				CLANG_ENABLE_MODULES = YES;
				MACOSX_DEPLOYMENT_TARGET = 13.0;
				SDKROOT = macosx;
			};
			name = Release;
		};
/* End XCBuildConfiguration section */

/* Begin XCConfigurationList section */
		I10000000000000000000001 /* Build configuration list for PBXNativeTarget "InputSwitcher" */ = {
			isa = XCConfigurationList;
			buildConfigurations = (
				G10000000000000000000001 /* Debug */,
				G10000000000000000000002 /* Release */,
			);
			defaultConfigurationIsVisible = 0;
			defaultConfigurationName = Release;
		};
		I10000000000000000000002 /* Build configuration list for PBXProject "InputSwitcher" */ = {
			isa = XCConfigurationList;
			buildConfigurations = (
				H10000000000000000000001 /* Debug */,
				H10000000000000000000002 /* Release */,
			);
			defaultConfigurationIsVisible = 0;
			defaultConfigurationName = Release;
		};
		I10000000000000000000003 /* Build configuration list for PBXNativeTarget "InputSwitcherTests" */ = {
			isa = XCConfigurationList;
			buildConfigurations = (
				G20000000000000000000001 /* Debug */,
				G20000000000000000000002 /* Release */,
			);
			defaultConfigurationIsVisible = 0;
			defaultConfigurationName = Release;
		};
/* End XCConfigurationList section */
	};
	rootObject = E10000000000000000000001 /* Project object */;
}
